
Microsoft Visual Studio Solution File, Format Version 12.00
# Visual Studio Version 16
VisualStudioVersion = 16.0.29215.179
MinimumVisualStudioVersion = 10.0.40219.1
Project("{8BC9CEB8-8B4A-11D0-8D11-00A0C91BC942}") = "demoC++", "demoC++.vcxproj", "{F7D2FD9F-79A3-48F0-894C-BBDB4FFFE61F}"
EndProject
Global
	GlobalSection(SolutionConfigurationPlatforms) = preSolution
		Debug|x64 = Debug|x64
		Debug|x86 = Debug|x86
		Release|x64 = Release|x64
		Release|x86 = Release|x86
	EndGlobalSection
	GlobalSection(ProjectConfigurationPlatforms) = postSolution
		{F7D2FD9F-79A3-48F0-894C-BBDB4FFFE61F}.Debug|x64.ActiveCfg = Debug|x64
		{F7D2FD9F-79A3-48F0-894C-BBDB4FFFE61F}.Debug|x64.Build.0 = Debug|x64
		{F7D2FD9F-79A3-48F0-894C-BBDB4FFFE61F}.Debug|x86.ActiveCfg = Debug|Win32
		{F7D2FD9F-79A3-48F0-894C-BBDB4FFFE61F}.Debug|x86.Build.0 = Debug|Win32
		{F7D2FD9F-79A3-48F0-894C-BBDB4FFFE61F}.Release|x64.ActiveCfg = Release|x64
		{F7D2FD9F-79A3-48F0-894C-BBDB4FFFE61F}.Release|x64.Build.0 = Release|x64
		{F7D2FD9F-79A3-48F0-894C-BBDB4FFFE61F}.Release|x86.ActiveCfg = Release|Win32
		{F7D2FD9F-79A3-48F0-894C-BBDB4FFFE61F}.Release|x86.Build.0 = Release|Win32
	EndGlobalSection
	GlobalSection(SolutionProperties) = preSolution
		HideSolutionNode = FALSE
	EndGlobalSection
	GlobalSection(ExtensibilityGlobals) = postSolution
		SolutionGuid = {EDE6F52F-1788-4F04-A92C-9AEEA169EDC7}
	EndGlobalSection
EndGlobal
